
Microsoft Visual Studio Solution File, Format Version 12.00
# Visual Studio Version 17
VisualStudioVersion = 17.7.34024.191
MinimumVisualStudioVersion = 10.0.40219.1
Project("{8BC9CEB8-8B4A-11D0-8D11-00A0C91BC942}") = "FINAL MAVI I", "FINAL MAVI I.vcxproj", "{239367D5-E5A9-4F36-A736-FC6549079FE5}"
EndProject
Global
	GlobalSection(SolutionConfigurationPlatforms) = preSolution
		Debug|x64 = Debug|x64
		Debug|x86 = Debug|x86
		Release|x64 = Release|x64
		Release|x86 = Release|x86
	EndGlobalSection
	GlobalSection(ProjectConfigurationPlatforms) = postSolution
		{239367D5-E5A9-4F36-A736-FC6549079FE5}.Debug|x64.ActiveCfg = Debug|x64
		{239367D5-E5A9-4F36-A736-FC6549079FE5}.Debug|x64.Build.0 = Debug|x64
		{239367D5-E5A9-4F36-A736-FC6549079FE5}.Debug|x86.ActiveCfg = Debug|Win32
		{239367D5-E5A9-4F36-A736-FC6549079FE5}.Debug|x86.Build.0 = Debug|Win32
		{239367D5-E5A9-4F36-A736-FC6549079FE5}.Release|x64.ActiveCfg = Release|x64
		{239367D5-E5A9-4F36-A736-FC6549079FE5}.Release|x64.Build.0 = Release|x64
		{239367D5-E5A9-4F36-A736-FC6549079FE5}.Release|x86.ActiveCfg = Release|Win32
		{239367D5-E5A9-4F36-A736-FC6549079FE5}.Release|x86.Build.0 = Release|Win32
	EndGlobalSection
	GlobalSection(SolutionProperties) = preSolution
		HideSolutionNode = FALSE
	EndGlobalSection
	GlobalSection(ExtensibilityGlobals) = postSolution
		SolutionGuid = {CF3E1299-0B9D-457B-BDC3-BFC547CE02AB}
	EndGlobalSection
EndGlobal
