
Microsoft Visual Studio Solution File, Format Version 12.00
# Visual Studio Version 17
VisualStudioVersion = 17.7.34024.191
MinimumVisualStudioVersion = 10.0.40219.1
Project("{8BC9CEB8-8B4A-11D0-8D11-00A0C91BC942}") = "Space", "Space.vcxproj", "{324CADF7-A0A8-4C66-89BA-3EAEE002FDF8}"
EndProject
Global
	GlobalSection(SolutionConfigurationPlatforms) = preSolution
		Debug|x64 = Debug|x64
		Debug|x86 = Debug|x86
		Release|x64 = Release|x64
		Release|x86 = Release|x86
	EndGlobalSection
	GlobalSection(ProjectConfigurationPlatforms) = postSolution
		{324CADF7-A0A8-4C66-89BA-3EAEE002FDF8}.Debug|x64.ActiveCfg = Debug|x64
		{324CADF7-A0A8-4C66-89BA-3EAEE002FDF8}.Debug|x64.Build.0 = Debug|x64
		{324CADF7-A0A8-4C66-89BA-3EAEE002FDF8}.Debug|x86.ActiveCfg = Debug|Win32
		{324CADF7-A0A8-4C66-89BA-3EAEE002FDF8}.Debug|x86.Build.0 = Debug|Win32
		{324CADF7-A0A8-4C66-89BA-3EAEE002FDF8}.Release|x64.ActiveCfg = Release|x64
		{324CADF7-A0A8-4C66-89BA-3EAEE002FDF8}.Release|x64.Build.0 = Release|x64
		{324CADF7-A0A8-4C66-89BA-3EAEE002FDF8}.Release|x86.ActiveCfg = Release|Win32
		{324CADF7-A0A8-4C66-89BA-3EAEE002FDF8}.Release|x86.Build.0 = Release|Win32
	EndGlobalSection
	GlobalSection(SolutionProperties) = preSolution
		HideSolutionNode = FALSE
	EndGlobalSection
	GlobalSection(ExtensibilityGlobals) = postSolution
		SolutionGuid = {C2BADA45-1DD6-46FA-8E94-D8398B6757CA}
	EndGlobalSection
EndGlobal
